
Microsoft Visual Studio Solution File, Format Version 12.00
# Visual Studio 15
VisualStudioVersion = 15.0.26430.12
MinimumVisualStudioVersion = 10.0.40219.1
Project("{2150E333-8FDC-42A3-9474-1A3956D46DE8}") = "Engine", "Engine", "{3CABED68-90EB-4C34-B92E-1899CB57BA19}"
EndProject
Project("{2150E333-8FDC-42A3-9474-1A3956D46DE8}") = "Games", "Games", "{0C33552B-DA3B-4BAC-8479-B0900BAE19DD}"
EndProject
Project("{8BC9CEB8-8B4A-11D0-8D11-00A0C91BC942}") = "UE4", "Intermediate\ProjectFiles\UE4.vcxproj", "{7B6D2BD9-9016-4182-9424-CCE3D8B1D7DB}"
EndProject
Project("{8BC9CEB8-8B4A-11D0-8D11-00A0C91BC942}") = "BattleTank", "Intermediate\ProjectFiles\BattleTank.vcxproj", "{513755B0-AF17-40E7-A56E-778EA038CE6F}"
EndProject
Global
	GlobalSection(SolutionConfigurationPlatforms) = preSolution
		DebugGame Editor|HTML5 = DebugGame Editor|HTML5
		DebugGame Editor|Win32 = DebugGame Editor|Win32
		DebugGame Editor|Win64 = DebugGame Editor|Win64
		DebugGame|HTML5 = DebugGame|HTML5
		DebugGame|Win32 = DebugGame|Win32
		DebugGame|Win64 = DebugGame|Win64
		Development Editor|HTML5 = Development Editor|HTML5
		Development Editor|Win32 = Development Editor|Win32
		Development Editor|Win64 = Development Editor|Win64
		Development|HTML5 = Development|HTML5
		Development|Win32 = Development|Win32
		Development|Win64 = Development|Win64
		Shipping|HTML5 = Shipping|HTML5
		Shipping|Win32 = Shipping|Win32
		Shipping|Win64 = Shipping|Win64
	EndGlobalSection
	GlobalSection(ProjectConfigurationPlatforms) = postSolution
		{7B6D2BD9-9016-4182-9424-CCE3D8B1D7DB}.DebugGame Editor|HTML5.ActiveCfg = BuiltWithUnrealBuildTool|Win32
		{7B6D2BD9-9016-4182-9424-CCE3D8B1D7DB}.DebugGame Editor|HTML5.Build.0 = BuiltWithUnrealBuildTool|Win32
		{7B6D2BD9-9016-4182-9424-CCE3D8B1D7DB}.DebugGame Editor|Win32.ActiveCfg = BuiltWithUnrealBuildTool|Win32
		{7B6D2BD9-9016-4182-9424-CCE3D8B1D7DB}.DebugGame Editor|Win32.Build.0 = BuiltWithUnrealBuildTool|Win32
		{7B6D2BD9-9016-4182-9424-CCE3D8B1D7DB}.DebugGame Editor|Win64.ActiveCfg = BuiltWithUnrealBuildTool|Win32
		{7B6D2BD9-9016-4182-9424-CCE3D8B1D7DB}.DebugGame Editor|Win64.Build.0 = BuiltWithUnrealBuildTool|Win32
		{7B6D2BD9-9016-4182-9424-CCE3D8B1D7DB}.DebugGame|HTML5.ActiveCfg = BuiltWithUnrealBuildTool|Win32
		{7B6D2BD9-9016-4182-9424-CCE3D8B1D7DB}.DebugGame|HTML5.Build.0 = BuiltWithUnrealBuildTool|Win32
		{7B6D2BD9-9016-4182-9424-CCE3D8B1D7DB}.DebugGame|Win32.ActiveCfg = BuiltWithUnrealBuildTool|Win32
		{7B6D2BD9-9016-4182-9424-CCE3D8B1D7DB}.DebugGame|Win32.Build.0 = BuiltWithUnrealBuildTool|Win32
		{7B6D2BD9-9016-4182-9424-CCE3D8B1D7DB}.DebugGame|Win64.ActiveCfg = BuiltWithUnrealBuildTool|Win32
		{7B6D2BD9-9016-4182-9424-CCE3D8B1D7DB}.DebugGame|Win64.Build.0 = BuiltWithUnrealBuildTool|Win32
		{7B6D2BD9-9016-4182-9424-CCE3D8B1D7DB}.Development Editor|HTML5.ActiveCfg = BuiltWithUnrealBuildTool|Win32
		{7B6D2BD9-9016-4182-9424-CCE3D8B1D7DB}.Development Editor|HTML5.Build.0 = BuiltWithUnrealBuildTool|Win32
		{7B6D2BD9-9016-4182-9424-CCE3D8B1D7DB}.Development Editor|Win32.ActiveCfg = BuiltWithUnrealBuildTool|Win32
		{7B6D2BD9-9016-4182-9424-CCE3D8B1D7DB}.Development Editor|Win32.Build.0 = BuiltWithUnrealBuildTool|Win32
		{7B6D2BD9-9016-4182-9424-CCE3D8B1D7DB}.Development Editor|Win64.ActiveCfg = BuiltWithUnrealBuildTool|Win32
		{7B6D2BD9-9016-4182-9424-CCE3D8B1D7DB}.Development Editor|Win64.Build.0 = BuiltWithUnrealBuildTool|Win32
		{7B6D2BD9-9016-4182-9424-CCE3D8B1D7DB}.Development|HTML5.ActiveCfg = BuiltWithUnrealBuildTool|Win32
		{7B6D2BD9-9016-4182-9424-CCE3D8B1D7DB}.Development|HTML5.Build.0 = BuiltWithUnrealBuildTool|Win32
		{7B6D2BD9-9016-4182-9424-CCE3D8B1D7DB}.Development|Win32.ActiveCfg = BuiltWithUnrealBuildTool|Win32
		{7B6D2BD9-9016-4182-9424-CCE3D8B1D7DB}.Development|Win32.Build.0 = BuiltWithUnrealBuildTool|Win32
		{7B6D2BD9-9016-4182-9424-CCE3D8B1D7DB}.Development|Win64.ActiveCfg = BuiltWithUnrealBuildTool|Win32
		{7B6D2BD9-9016-4182-9424-CCE3D8B1D7DB}.Development|Win64.Build.0 = BuiltWithUnrealBuildTool|Win32
		{7B6D2BD9-9016-4182-9424-CCE3D8B1D7DB}.Shipping|HTML5.ActiveCfg = BuiltWithUnrealBuildTool|Win32
		{7B6D2BD9-9016-4182-9424-CCE3D8B1D7DB}.Shipping|HTML5.Build.0 = BuiltWithUnrealBuildTool|Win32
		{7B6D2BD9-9016-4182-9424-CCE3D8B1D7DB}.Shipping|Win32.ActiveCfg = BuiltWithUnrealBuildTool|Win32
		{7B6D2BD9-9016-4182-9424-CCE3D8B1D7DB}.Shipping|Win32.Build.0 = BuiltWithUnrealBuildTool|Win32
		{7B6D2BD9-9016-4182-9424-CCE3D8B1D7DB}.Shipping|Win64.ActiveCfg = BuiltWithUnrealBuildTool|Win32
		{7B6D2BD9-9016-4182-9424-CCE3D8B1D7DB}.Shipping|Win64.Build.0 = BuiltWithUnrealBuildTool|Win32
		{513755B0-AF17-40E7-A56E-778EA038CE6F}.DebugGame Editor|HTML5.ActiveCfg = HTML5_DebugGame_Editor|Win32
		{513755B0-AF17-40E7-A56E-778EA038CE6F}.DebugGame Editor|Win32.ActiveCfg = DebugGame_Editor|Win32
		{513755B0-AF17-40E7-A56E-778EA038CE6F}.DebugGame Editor|Win64.ActiveCfg = DebugGame_Editor|x64
		{513755B0-AF17-40E7-A56E-778EA038CE6F}.DebugGame Editor|Win64.Build.0 = DebugGame_Editor|x64
		{513755B0-AF17-40E7-A56E-778EA038CE6F}.DebugGame|HTML5.ActiveCfg = HTML5_DebugGame_Game|Win32
		{513755B0-AF17-40E7-A56E-778EA038CE6F}.DebugGame|HTML5.Build.0 = HTML5_DebugGame_Game|Win32
		{513755B0-AF17-40E7-A56E-778EA038CE6F}.DebugGame|Win32.ActiveCfg = DebugGame_Game|Win32
		{513755B0-AF17-40E7-A56E-778EA038CE6F}.DebugGame|Win32.Build.0 = DebugGame_Game|Win32
		{513755B0-AF17-40E7-A56E-778EA038CE6F}.DebugGame|Win64.ActiveCfg = DebugGame_Game|x64
		{513755B0-AF17-40E7-A56E-778EA038CE6F}.DebugGame|Win64.Build.0 = DebugGame_Game|x64
		{513755B0-AF17-40E7-A56E-778EA038CE6F}.Development Editor|HTML5.ActiveCfg = HTML5_Development_Editor|Win32
		{513755B0-AF17-40E7-A56E-778EA038CE6F}.Development Editor|Win32.ActiveCfg = Development_Editor|Win32
		{513755B0-AF17-40E7-A56E-778EA038CE6F}.Development Editor|Win64.ActiveCfg = Development_Editor|x64
		{513755B0-AF17-40E7-A56E-778EA038CE6F}.Development Editor|Win64.Build.0 = Development_Editor|x64
		{513755B0-AF17-40E7-A56E-778EA038CE6F}.Development|HTML5.ActiveCfg = HTML5_Development_Game|Win32
		{513755B0-AF17-40E7-A56E-778EA038CE6F}.Development|HTML5.Build.0 = HTML5_Development_Game|Win32
		{513755B0-AF17-40E7-A56E-778EA038CE6F}.Development|Win32.ActiveCfg = Development_Game|Win32
		{513755B0-AF17-40E7-A56E-778EA038CE6F}.Development|Win32.Build.0 = Development_Game|Win32
		{513755B0-AF17-40E7-A56E-778EA038CE6F}.Development|Win64.ActiveCfg = Development_Game|x64
		{513755B0-AF17-40E7-A56E-778EA038CE6F}.Development|Win64.Build.0 = Development_Game|x64
		{513755B0-AF17-40E7-A56E-778EA038CE6F}.Shipping|HTML5.ActiveCfg = HTML5_Shipping_Game|Win32
		{513755B0-AF17-40E7-A56E-778EA038CE6F}.Shipping|HTML5.Build.0 = HTML5_Shipping_Game|Win32
		{513755B0-AF17-40E7-A56E-778EA038CE6F}.Shipping|Win32.ActiveCfg = Shipping_Game|Win32
		{513755B0-AF17-40E7-A56E-778EA038CE6F}.Shipping|Win32.Build.0 = Shipping_Game|Win32
		{513755B0-AF17-40E7-A56E-778EA038CE6F}.Shipping|Win64.ActiveCfg = Shipping_Game|x64
		{513755B0-AF17-40E7-A56E-778EA038CE6F}.Shipping|Win64.Build.0 = Shipping_Game|x64
	EndGlobalSection
	GlobalSection(SolutionProperties) = preSolution
		HideSolutionNode = FALSE
	EndGlobalSection
	GlobalSection(NestedProjects) = preSolution
		{7B6D2BD9-9016-4182-9424-CCE3D8B1D7DB} = {3CABED68-90EB-4C34-B92E-1899CB57BA19}
		{513755B0-AF17-40E7-A56E-778EA038CE6F} = {0C33552B-DA3B-4BAC-8479-B0900BAE19DD}
	EndGlobalSection
EndGlobal
